
Microsoft Visual Studio Solution File, Format Version 12.00
# Visual Studio Version 17
VisualStudioVersion = 17.3.32929.385
MinimumVisualStudioVersion = 10.0.40219.1
Project("{9A19103F-16F7-4668-BE54-9A1E7A4F7556}") = "PractiDetails.Repositories", "PractiDetails\PractiDetails.Repositories.csproj", "{83C2F9F7-2729-4FE8-87B8-F2DD6DFC4A2E}"
EndProject
Project("{FAE04EC0-301F-11D3-BF4B-00C04F79EFBC}") = "PractiDetails.Services", "PractiDetails.Services\PractiDetails.Services.csproj", "{23365769-C5CA-4821-9D87-5BA95F4A88F3}"
EndProject
Project("{FAE04EC0-301F-11D3-BF4B-00C04F79EFBC}") = "PractiDetails.Common", "PractiDetails.Common\PractiDetails.Common.csproj", "{5E24E0ED-90EE-4B0D-AC23-2F10061C55AE}"
EndProject
Project("{FAE04EC0-301F-11D3-BF4B-00C04F79EFBC}") = "PractiDetails.WebApi", "PractiDetails.WebApi\PractiDetails.WebApi.csproj", "{92E3A259-948B-4042-8D73-F57F5FB7BAEE}"
EndProject
Project("{FAE04EC0-301F-11D3-BF4B-00C04F79EFBC}") = "MyDBContext", "MyDBContext\MyDBContext.csproj", "{13BCD190-DDBF-452B-84EE-E2806635C8C5}"
EndProject
Global
	GlobalSection(SolutionConfigurationPlatforms) = preSolution
		Debug|Any CPU = Debug|Any CPU
		Release|Any CPU = Release|Any CPU
	EndGlobalSection
	GlobalSection(ProjectConfigurationPlatforms) = postSolution
		{83C2F9F7-2729-4FE8-87B8-F2DD6DFC4A2E}.Debug|Any CPU.ActiveCfg = Debug|Any CPU
		{83C2F9F7-2729-4FE8-87B8-F2DD6DFC4A2E}.Debug|Any CPU.Build.0 = Debug|Any CPU
		{83C2F9F7-2729-4FE8-87B8-F2DD6DFC4A2E}.Release|Any CPU.ActiveCfg = Release|Any CPU
		{83C2F9F7-2729-4FE8-87B8-F2DD6DFC4A2E}.Release|Any CPU.Build.0 = Release|Any CPU
		{23365769-C5CA-4821-9D87-5BA95F4A88F3}.Debug|Any CPU.ActiveCfg = Debug|Any CPU
		{23365769-C5CA-4821-9D87-5BA95F4A88F3}.Debug|Any CPU.Build.0 = Debug|Any CPU
		{23365769-C5CA-4821-9D87-5BA95F4A88F3}.Release|Any CPU.ActiveCfg = Release|Any CPU
		{23365769-C5CA-4821-9D87-5BA95F4A88F3}.Release|Any CPU.Build.0 = Release|Any CPU
		{5E24E0ED-90EE-4B0D-AC23-2F10061C55AE}.Debug|Any CPU.ActiveCfg = Debug|Any CPU
		{5E24E0ED-90EE-4B0D-AC23-2F10061C55AE}.Debug|Any CPU.Build.0 = Debug|Any CPU
		{5E24E0ED-90EE-4B0D-AC23-2F10061C55AE}.Release|Any CPU.ActiveCfg = Release|Any CPU
		{5E24E0ED-90EE-4B0D-AC23-2F10061C55AE}.Release|Any CPU.Build.0 = Release|Any CPU
		{92E3A259-948B-4042-8D73-F57F5FB7BAEE}.Debug|Any CPU.ActiveCfg = Debug|Any CPU
		{92E3A259-948B-4042-8D73-F57F5FB7BAEE}.Debug|Any CPU.Build.0 = Debug|Any CPU
		{92E3A259-948B-4042-8D73-F57F5FB7BAEE}.Release|Any CPU.ActiveCfg = Release|Any CPU
		{92E3A259-948B-4042-8D73-F57F5FB7BAEE}.Release|Any CPU.Build.0 = Release|Any CPU
		{13BCD190-DDBF-452B-84EE-E2806635C8C5}.Debug|Any CPU.ActiveCfg = Debug|Any CPU
		{13BCD190-DDBF-452B-84EE-E2806635C8C5}.Debug|Any CPU.Build.0 = Debug|Any CPU
		{13BCD190-DDBF-452B-84EE-E2806635C8C5}.Release|Any CPU.ActiveCfg = Release|Any CPU
		{13BCD190-DDBF-452B-84EE-E2806635C8C5}.Release|Any CPU.Build.0 = Release|Any CPU
	EndGlobalSection
	GlobalSection(SolutionProperties) = preSolution
		HideSolutionNode = FALSE
	EndGlobalSection
	GlobalSection(ExtensibilityGlobals) = postSolution
		SolutionGuid = {1F2EC503-2992-4BB2-BDEE-0E93207BC1BA}
	EndGlobalSection
EndGlobal
